// !$*UTF8*$!
{
	archiveVersion = 1;
	classes = {
	};
	objectVersion = 56;
	objects = {

/* Begin PBXBuildFile section */
		CFDBE63F2BABA07E009C6C70 /* project_trackerApp.swift in Sources */ = {isa = PBXBuildFile; fileRef = CFDBE63E2BABA07E009C6C70 /* project_trackerApp.swift */; };
		CFDBE6412BABA07E009C6C70 /* ProjectListView.swift in Sources */ = {isa = PBXBuildFile; fileRef = CFDBE6402BABA07E009C6C70 /* ProjectListView.swift */; };
		CFDBE6432BABA080009C6C70 /* Assets.xcassets in Resources */ = {isa = PBXBuildFile; fileRef = CFDBE6422BABA080009C6C70 /* Assets.xcassets */; };
		CFDBE6462BABA080009C6C70 /* Preview Assets.xcassets in Resources */ = {isa = PBXBuildFile; fileRef = CFDBE6452BABA080009C6C70 /* Preview Assets.xcassets */; };
		CFDBE64E2BABA14E009C6C70 /* Project.swift in Sources */ = {isa = PBXBuildFile; fileRef = CFDBE64D2BABA14E009C6C70 /* Project.swift */; };
		CFDBE6502BABA216009C6C70 /* ProjectUpdate.swift in Sources */ = {isa = PBXBuildFile; fileRef = CFDBE64F2BABA216009C6C70 /* ProjectUpdate.swift */; };
		CFDBE6532BAC8E4F009C6C70 /* FontHelper.swift in Sources */ = {isa = PBXBuildFile; fileRef = CFDBE6522BAC8E4F009C6C70 /* FontHelper.swift */; };
		CFDBE6562BACEFC3009C6C70 /* StatBubbleView.swift in Sources */ = {isa = PBXBuildFile; fileRef = CFDBE6552BACEFC3009C6C70 /* StatBubbleView.swift */; };
		CFDBE6582BACF5A2009C6C70 /* ProjectCardView.swift in Sources */ = {isa = PBXBuildFile; fileRef = CFDBE6572BACF5A2009C6C70 /* ProjectCardView.swift */; };
		CFDBE65A2BAE4B10009C6C70 /* AddProjectView.swift in Sources */ = {isa = PBXBuildFile; fileRef = CFDBE6592BAE4B10009C6C70 /* AddProjectView.swift */; };
/* End PBXBuildFile section */

/* Begin PBXFileReference section */
		CFDBE63B2BABA07E009C6C70 /* project-tracker.app */ = {isa = PBXFileReference; explicitFileType = wrapper.application; includeInIndex = 0; path = "project-tracker.app"; sourceTree = BUILT_PRODUCTS_DIR; };
		CFDBE63E2BABA07E009C6C70 /* project_trackerApp.swift */ = {isa = PBXFileReference; lastKnownFileType = sourcecode.swift; path = project_trackerApp.swift; sourceTree = "<group>"; };
		CFDBE6402BABA07E009C6C70 /* ProjectListView.swift */ = {isa = PBXFileReference; lastKnownFileType = sourcecode.swift; path = ProjectListView.swift; sourceTree = "<group>"; };
		CFDBE6422BABA080009C6C70 /* Assets.xcassets */ = {isa = PBXFileReference; lastKnownFileType = folder.assetcatalog; path = Assets.xcassets; sourceTree = "<group>"; };
		CFDBE6452BABA080009C6C70 /* Preview Assets.xcassets */ = {isa = PBXFileReference; lastKnownFileType = folder.assetcatalog; path = "Preview Assets.xcassets"; sourceTree = "<group>"; };
		CFDBE64D2BABA14E009C6C70 /* Project.swift */ = {isa = PBXFileReference; lastKnownFileType = sourcecode.swift; path = Project.swift; sourceTree = "<group>"; };
		CFDBE64F2BABA216009C6C70 /* ProjectUpdate.swift */ = {isa = PBXFileReference; lastKnownFileType = sourcecode.swift; path = ProjectUpdate.swift; sourceTree = "<group>"; };
		CFDBE6522BAC8E4F009C6C70 /* FontHelper.swift */ = {isa = PBXFileReference; lastKnownFileType = sourcecode.swift; path = FontHelper.swift; sourceTree = "<group>"; };
		CFDBE6552BACEFC3009C6C70 /* StatBubbleView.swift */ = {isa = PBXFileReference; lastKnownFileType = sourcecode.swift; path = StatBubbleView.swift; sourceTree = "<group>"; };
		CFDBE6572BACF5A2009C6C70 /* ProjectCardView.swift */ = {isa = PBXFileReference; lastKnownFileType = sourcecode.swift; path = ProjectCardView.swift; sourceTree = "<group>"; };
		CFDBE6592BAE4B10009C6C70 /* AddProjectView.swift */ = {isa = PBXFileReference; lastKnownFileType = sourcecode.swift; path = AddProjectView.swift; sourceTree = "<group>"; };
/* End PBXFileReference section */

/* Begin PBXFrameworksBuildPhase section */
		CFDBE6382BABA07E009C6C70 /* Frameworks */ = {
			isa = PBXFrameworksBuildPhase;
			buildActionMask = 2147483647;
			files = (
			);
			runOnlyForDeploymentPostprocessing = 0;
		};
/* End PBXFrameworksBuildPhase section */

/* Begin PBXGroup section */
		CFDBE6322BABA07E009C6C70 = {
			isa = PBXGroup;
			children = (
				CFDBE63D2BABA07E009C6C70 /* project-tracker */,
				CFDBE63C2BABA07E009C6C70 /* Products */,
			);
			sourceTree = "<group>";
		};
		CFDBE63C2BABA07E009C6C70 /* Products */ = {
			isa = PBXGroup;
			children = (
				CFDBE63B2BABA07E009C6C70 /* project-tracker.app */,
			);
			name = Products;
			sourceTree = "<group>";
		};
		CFDBE63D2BABA07E009C6C70 /* project-tracker */ = {
			isa = PBXGroup;
			children = (
				CFDBE63E2BABA07E009C6C70 /* project_trackerApp.swift */,
				CFDBE6542BACEF6C009C6C70 /* project-list */,
				CFDBE6422BABA080009C6C70 /* Assets.xcassets */,
				CFDBE64C2BABA130009C6C70 /* models */,
				CFDBE6512BAC8E30009C6C70 /* Helpers */,
				CFDBE6442BABA080009C6C70 /* Preview Content */,
			);
			path = "project-tracker";
			sourceTree = "<group>";
		};
		CFDBE6442BABA080009C6C70 /* Preview Content */ = {
			isa = PBXGroup;
			children = (
				CFDBE6452BABA080009C6C70 /* Preview Assets.xcassets */,
			);
			path = "Preview Content";
			sourceTree = "<group>";
		};
		CFDBE64C2BABA130009C6C70 /* models */ = {
			isa = PBXGroup;
			children = (
				CFDBE64D2BABA14E009C6C70 /* Project.swift */,
				CFDBE64F2BABA216009C6C70 /* ProjectUpdate.swift */,
			);
			path = models;
			sourceTree = "<group>";
		};
		CFDBE6512BAC8E30009C6C70 /* Helpers */ = {
			isa = PBXGroup;
			children = (
				CFDBE6522BAC8E4F009C6C70 /* FontHelper.swift */,
			);
			path = Helpers;
			sourceTree = "<group>";
		};
		CFDBE6542BACEF6C009C6C70 /* project-list */ = {
			isa = PBXGroup;
			children = (
				CFDBE6402BABA07E009C6C70 /* ProjectListView.swift */,
				CFDBE6552BACEFC3009C6C70 /* StatBubbleView.swift */,
				CFDBE6572BACF5A2009C6C70 /* ProjectCardView.swift */,
				CFDBE6592BAE4B10009C6C70 /* AddProjectView.swift */,
			);
			path = "project-list";
			sourceTree = "<group>";
		};
/* End PBXGroup section */

/* Begin PBXNativeTarget section */
		CFDBE63A2BABA07E009C6C70 /* project-tracker */ = {
			isa = PBXNativeTarget;
			buildConfigurationList = CFDBE6492BABA080009C6C70 /* Build configuration list for PBXNativeTarget "project-tracker" */;
			buildPhases = (
				CFDBE6372BABA07E009C6C70 /* Sources */,
				CFDBE6382BABA07E009C6C70 /* Frameworks */,
				CFDBE6392BABA07E009C6C70 /* Resources */,
			);
			buildRules = (
			);
			dependencies = (
			);
			name = "project-tracker";
			productName = "project-tracker";
			productReference = CFDBE63B2BABA07E009C6C70 /* project-tracker.app */;
			productType = "com.apple.product-type.application";
		};
/* End PBXNativeTarget section */

/* Begin PBXProject section */
		CFDBE6332BABA07E009C6C70 /* Project object */ = {
			isa = PBXProject;
			attributes = {
				BuildIndependentTargetsInParallel = 1;
				LastSwiftUpdateCheck = 1530;
				LastUpgradeCheck = 1530;
				TargetAttributes = {
					CFDBE63A2BABA07E009C6C70 = {
						CreatedOnToolsVersion = 15.3;
					};
				};
			};
			buildConfigurationList = CFDBE6362BABA07E009C6C70 /* Build configuration list for PBXProject "project-tracker" */;
			compatibilityVersion = "Xcode 14.0";
			developmentRegion = en;
			hasScannedForEncodings = 0;
			knownRegions = (
				en,
				Base,
			);
			mainGroup = CFDBE6322BABA07E009C6C70;
			productRefGroup = CFDBE63C2BABA07E009C6C70 /* Products */;
			projectDirPath = "";
			projectRoot = "";
			targets = (
				CFDBE63A2BABA07E009C6C70 /* project-tracker */,
			);
		};
/* End PBXProject section */

/* Begin PBXResourcesBuildPhase section */
		CFDBE6392BABA07E009C6C70 /* Resources */ = {
			isa = PBXResourcesBuildPhase;
			buildActionMask = 2147483647;
			files = (
				CFDBE6462BABA080009C6C70 /* Preview Assets.xcassets in Resources */,
				CFDBE6432BABA080009C6C70 /* Assets.xcassets in Resources */,
			);
			runOnlyForDeploymentPostprocessing = 0;
		};
/* End PBXResourcesBuildPhase section */

/* Begin PBXSourcesBuildPhase section */
		CFDBE6372BABA07E009C6C70 /* Sources */ = {
			isa = PBXSourcesBuildPhase;
			buildActionMask = 2147483647;
			files = (
				CFDBE6502BABA216009C6C70 /* ProjectUpdate.swift in Sources */,
				CFDBE6532BAC8E4F009C6C70 /* FontHelper.swift in Sources */,
				CFDBE65A2BAE4B10009C6C70 /* AddProjectView.swift in Sources */,
				CFDBE6412BABA07E009C6C70 /* ProjectListView.swift in Sources */,
				CFDBE63F2BABA07E009C6C70 /* project_trackerApp.swift in Sources */,
				CFDBE6562BACEFC3009C6C70 /* StatBubbleView.swift in Sources */,
				CFDBE6582BACF5A2009C6C70 /* ProjectCardView.swift in Sources */,
				CFDBE64E2BABA14E009C6C70 /* Project.swift in Sources */,
			);
			runOnlyForDeploymentPostprocessing = 0;
		};
/* End PBXSourcesBuildPhase section */

/* Begin XCBuildConfiguration section */
		CFDBE6472BABA080009C6C70 /* Debug */ = {
			isa = XCBuildConfiguration;
			buildSettings = {
				ALWAYS_SEARCH_USER_PATHS = NO;
				ASSETCATALOG_COMPILER_GENERATE_SWIFT_ASSET_SYMBOL_EXTENSIONS = YES;
				CLANG_ANALYZER_NONNULL = YES;
				CLANG_ANALYZER_NUMBER_OBJECT_CONVERSION = YES_AGGRESSIVE;
				CLANG_CXX_LANGUAGE_STANDARD = "gnu++20";
				CLANG_ENABLE_MODULES = YES;
				CLANG_ENABLE_OBJC_ARC = YES;
				CLANG_ENABLE_OBJC_WEAK = YES;
				CLANG_WARN_BLOCK_CAPTURE_AUTORELEASING = YES;
				CLANG_WARN_BOOL_CONVERSION = YES;
				CLANG_WARN_COMMA = YES;
				CLANG_WARN_CONSTANT_CONVERSION = YES;
				CLANG_WARN_DEPRECATED_OBJC_IMPLEMENTATIONS = YES;
				CLANG_WARN_DIRECT_OBJC_ISA_USAGE = YES_ERROR;
				CLANG_WARN_DOCUMENTATION_COMMENTS = YES;
				CLANG_WARN_EMPTY_BODY = YES;
				CLANG_WARN_ENUM_CONVERSION = YES;
				CLANG_WARN_INFINITE_RECURSION = YES;
				CLANG_WARN_INT_CONVERSION = YES;
				CLANG_WARN_NON_LITERAL_NULL_CONVERSION = YES;
				CLANG_WARN_OBJC_IMPLICIT_RETAIN_SELF = YES;
				CLANG_WARN_OBJC_LITERAL_CONVERSION = YES;
				CLANG_WARN_OBJC_ROOT_CLASS = YES_ERROR;
				CLANG_WARN_QUOTED_INCLUDE_IN_FRAMEWORK_HEADER = YES;
				CLANG_WARN_RANGE_LOOP_ANALYSIS = YES;
				CLANG_WARN_STRICT_PROTOTYPES = YES;
				CLANG_WARN_SUSPICIOUS_MOVE = YES;
				CLANG_WARN_UNGUARDED_AVAILABILITY = YES_AGGRESSIVE;
				CLANG_WARN_UNREACHABLE_CODE = YES;
				CLANG_WARN__DUPLICATE_METHOD_MATCH = YES;
				COPY_PHASE_STRIP = NO;
				DEBUG_INFORMATION_FORMAT = dwarf;
				ENABLE_STRICT_OBJC_MSGSEND = YES;
				ENABLE_TESTABILITY = YES;
				ENABLE_USER_SCRIPT_SANDBOXING = YES;
				GCC_C_LANGUAGE_STANDARD = gnu17;
				GCC_DYNAMIC_NO_PIC = NO;
				GCC_NO_COMMON_BLOCKS = YES;
				GCC_OPTIMIZATION_LEVEL = 0;
				GCC_PREPROCESSOR_DEFINITIONS = (
					"DEBUG=1",
					"$(inherited)",
				);
				GCC_WARN_64_TO_32_BIT_CONVERSION = YES;
				GCC_WARN_ABOUT_RETURN_TYPE = YES_ERROR;
				GCC_WARN_UNDECLARED_SELECTOR = YES;
				GCC_WARN_UNINITIALIZED_AUTOS = YES_AGGRESSIVE;
				GCC_WARN_UNUSED_FUNCTION = YES;
				GCC_WARN_UNUSED_VARIABLE = YES;
				IPHONEOS_DEPLOYMENT_TARGET = 17.4;
				LOCALIZATION_PREFERS_STRING_CATALOGS = YES;
				MTL_ENABLE_DEBUG_INFO = INCLUDE_SOURCE;
				MTL_FAST_MATH = YES;
				ONLY_ACTIVE_ARCH = YES;
				SDKROOT = iphoneos;
				SWIFT_ACTIVE_COMPILATION_CONDITIONS = "DEBUG $(inherited)";
				SWIFT_OPTIMIZATION_LEVEL = "-Onone";
			};
			name = Debug;
		};
		CFDBE6482BABA080009C6C70 /* Release */ = {
			isa = XCBuildConfiguration;
			buildSettings = {
				ALWAYS_SEARCH_USER_PATHS = NO;
				ASSETCATALOG_COMPILER_GENERATE_SWIFT_ASSET_SYMBOL_EXTENSIONS = YES;
				CLANG_ANALYZER_NONNULL = YES;
				CLANG_ANALYZER_NUMBER_OBJECT_CONVERSION = YES_AGGRESSIVE;
				CLANG_CXX_LANGUAGE_STANDARD = "gnu++20";
				CLANG_ENABLE_MODULES = YES;
				CLANG_ENABLE_OBJC_ARC = YES;
				CLANG_ENABLE_OBJC_WEAK = YES;
				CLANG_WARN_BLOCK_CAPTURE_AUTORELEASING = YES;
				CLANG_WARN_BOOL_CONVERSION = YES;
				CLANG_WARN_COMMA = YES;
				CLANG_WARN_CONSTANT_CONVERSION = YES;
				CLANG_WARN_DEPRECATED_OBJC_IMPLEMENTATIONS = YES;
				CLANG_WARN_DIRECT_OBJC_ISA_USAGE = YES_ERROR;
				CLANG_WARN_DOCUMENTATION_COMMENTS = YES;
				CLANG_WARN_EMPTY_BODY = YES;
				CLANG_WARN_ENUM_CONVERSION = YES;
				CLANG_WARN_INFINITE_RECURSION = YES;
				CLANG_WARN_INT_CONVERSION = YES;
				CLANG_WARN_NON_LITERAL_NULL_CONVERSION = YES;
				CLANG_WARN_OBJC_IMPLICIT_RETAIN_SELF = YES;
				CLANG_WARN_OBJC_LITERAL_CONVERSION = YES;
				CLANG_WARN_OBJC_ROOT_CLASS = YES_ERROR;
				CLANG_WARN_QUOTED_INCLUDE_IN_FRAMEWORK_HEADER = YES;
				CLANG_WARN_RANGE_LOOP_ANALYSIS = YES;
				CLANG_WARN_STRICT_PROTOTYPES = YES;
				CLANG_WARN_SUSPICIOUS_MOVE = YES;
				CLANG_WARN_UNGUARDED_AVAILABILITY = YES_AGGRESSIVE;
				CLANG_WARN_UNREACHABLE_CODE = YES;
				CLANG_WARN__DUPLICATE_METHOD_MATCH = YES;
				COPY_PHASE_STRIP = NO;
				DEBUG_INFORMATION_FORMAT = "dwarf-with-dsym";
				ENABLE_NS_ASSERTIONS = NO;
				ENABLE_STRICT_OBJC_MSGSEND = YES;
				ENABLE_USER_SCRIPT_SANDBOXING = YES;
				GCC_C_LANGUAGE_STANDARD = gnu17;
				GCC_NO_COMMON_BLOCKS = YES;
				GCC_WARN_64_TO_32_BIT_CONVERSION = YES;
				GCC_WARN_ABOUT_RETURN_TYPE = YES_ERROR;
				GCC_WARN_UNDECLARED_SELECTOR = YES;
				GCC_WARN_UNINITIALIZED_AUTOS = YES_AGGRESSIVE;
				GCC_WARN_UNUSED_FUNCTION = YES;
				GCC_WARN_UNUSED_VARIABLE = YES;
				IPHONEOS_DEPLOYMENT_TARGET = 17.4;
				LOCALIZATION_PREFERS_STRING_CATALOGS = YES;
				MTL_ENABLE_DEBUG_INFO = NO;
				MTL_FAST_MATH = YES;
				SDKROOT = iphoneos;
				SWIFT_COMPILATION_MODE = wholemodule;
				VALIDATE_PRODUCT = YES;
			};
			name = Release;
		};
		CFDBE64A2BABA080009C6C70 /* Debug */ = {
			isa = XCBuildConfiguration;
			buildSettings = {
				ASSETCATALOG_COMPILER_APPICON_NAME = AppIcon;
				ASSETCATALOG_COMPILER_GLOBAL_ACCENT_COLOR_NAME = AccentColor;
				CODE_SIGN_STYLE = Automatic;
				CURRENT_PROJECT_VERSION = 1;
				DEVELOPMENT_ASSET_PATHS = "\"project-tracker/Preview Content\"";
				DEVELOPMENT_TEAM = W8WPL4KZ5T;
				ENABLE_PREVIEWS = YES;
				GENERATE_INFOPLIST_FILE = YES;
				INFOPLIST_KEY_UIApplicationSceneManifest_Generation = YES;
				INFOPLIST_KEY_UIApplicationSupportsIndirectInputEvents = YES;
				INFOPLIST_KEY_UILaunchScreen_Generation = YES;
				INFOPLIST_KEY_UISupportedInterfaceOrientations_iPad = "UIInterfaceOrientationPortrait UIInterfaceOrientationPortraitUpsideDown UIInterfaceOrientationLandscapeLeft UIInterfaceOrientationLandscapeRight";
				INFOPLIST_KEY_UISupportedInterfaceOrientations_iPhone = "UIInterfaceOrientationPortrait UIInterfaceOrientationLandscapeLeft UIInterfaceOrientationLandscapeRight";
				LD_RUNPATH_SEARCH_PATHS = (
					"$(inherited)",
					"@executable_path/Frameworks",
				);
				MARKETING_VERSION = 1.0;
				PRODUCT_BUNDLE_IDENTIFIER = "com.JoeMiehl.project-tracker";
				PRODUCT_NAME = "$(TARGET_NAME)";
				SWIFT_EMIT_LOC_STRINGS = YES;
				SWIFT_VERSION = 5.0;
				TARGETED_DEVICE_FAMILY = "1,2";
			};
			name = Debug;
		};
		CFDBE64B2BABA080009C6C70 /* Release */ = {
			isa = XCBuildConfiguration;
			buildSettings = {
				ASSETCATALOG_COMPILER_APPICON_NAME = AppIcon;
				ASSETCATALOG_COMPILER_GLOBAL_ACCENT_COLOR_NAME = AccentColor;
				CODE_SIGN_STYLE = Automatic;
				CURRENT_PROJECT_VERSION = 1;
				DEVELOPMENT_ASSET_PATHS = "\"project-tracker/Preview Content\"";
				DEVELOPMENT_TEAM = W8WPL4KZ5T;
				ENABLE_PREVIEWS = YES;
				GENERATE_INFOPLIST_FILE = YES;
				INFOPLIST_KEY_UIApplicationSceneManifest_Generation = YES;
				INFOPLIST_KEY_UIApplicationSupportsIndirectInputEvents = YES;
				INFOPLIST_KEY_UILaunchScreen_Generation = YES;
				INFOPLIST_KEY_UISupportedInterfaceOrientations_iPad = "UIInterfaceOrientationPortrait UIInterfaceOrientationPortraitUpsideDown UIInterfaceOrientationLandscapeLeft UIInterfaceOrientationLandscapeRight";
				INFOPLIST_KEY_UISupportedInterfaceOrientations_iPhone = "UIInterfaceOrientationPortrait UIInterfaceOrientationLandscapeLeft UIInterfaceOrientationLandscapeRight";
				LD_RUNPATH_SEARCH_PATHS = (
					"$(inherited)",
					"@executable_path/Frameworks",
				);
				MARKETING_VERSION = 1.0;
				PRODUCT_BUNDLE_IDENTIFIER = "com.JoeMiehl.project-tracker";
				PRODUCT_NAME = "$(TARGET_NAME)";
				SWIFT_EMIT_LOC_STRINGS = YES;
				SWIFT_VERSION = 5.0;
				TARGETED_DEVICE_FAMILY = "1,2";
			};
			name = Release;
		};
/* End XCBuildConfiguration section */

/* Begin XCConfigurationList section */
		CFDBE6362BABA07E009C6C70 /* Build configuration list for PBXProject "project-tracker" */ = {
			isa = XCConfigurationList;
			buildConfigurations = (
				CFDBE6472BABA080009C6C70 /* Debug */,
				CFDBE6482BABA080009C6C70 /* Release */,
			);
			defaultConfigurationIsVisible = 0;
			defaultConfigurationName = Release;
		};
		CFDBE6492BABA080009C6C70 /* Build configuration list for PBXNativeTarget "project-tracker" */ = {
			isa = XCConfigurationList;
			buildConfigurations = (
				CFDBE64A2BABA080009C6C70 /* Debug */,
				CFDBE64B2BABA080009C6C70 /* Release */,
			);
			defaultConfigurationIsVisible = 0;
			defaultConfigurationName = Release;
		};
/* End XCConfigurationList section */
	};
	rootObject = CFDBE6332BABA07E009C6C70 /* Project object */;
}
